// !$*UTF8*$!
{
	archiveVersion = 1;
	classes = {
	};
	objectVersion = 46;
	objects = {

/* Begin PBXBuildFile section */
		B5690B181B82C6CF00F2FD7E /* Launch.storyboard in Resources */ = {isa = PBXBuildFile; fileRef = B5690B171B82C6CF00F2FD7E /* Launch.storyboard */; };
		B5690B1A1B82C75B00F2FD7E /* launchscreen-portrait2.png in Resources */ = {isa = PBXBuildFile; fileRef = B5690B191B82C75B00F2FD7E /* launchscreen-portrait2.png */; };
		B5690B1C1B82C98100F2FD7E /* tracks-1.png in Resources */ = {isa = PBXBuildFile; fileRef = B5690B1B1B82C98100F2FD7E /* tracks-1.png */; };
		B5690B1E1B82CB5900F2FD7E /* StepsController.swift in Sources */ = {isa = PBXBuildFile; fileRef = B5690B1D1B82CB5900F2FD7E /* StepsController.swift */; };
		B57225A51B82C44100B17B52 /* shoe-black.png in Resources */ = {isa = PBXBuildFile; fileRef = B57225A31B82C44100B17B52 /* shoe-black.png */; };
		B57225A61B82C44100B17B52 /* shoe-white.png in Resources */ = {isa = PBXBuildFile; fileRef = B57225A41B82C44100B17B52 /* shoe-white.png */; };
		B5B0B8441B7D614A00A63834 /* AppDelegate.swift in Sources */ = {isa = PBXBuildFile; fileRef = B5B0B8431B7D614A00A63834 /* AppDelegate.swift */; };
		B5B0B8461B7D614A00A63834 /* ViewController.swift in Sources */ = {isa = PBXBuildFile; fileRef = B5B0B8451B7D614A00A63834 /* ViewController.swift */; };
		B5B0B8491B7D614A00A63834 /* Main.storyboard in Resources */ = {isa = PBXBuildFile; fileRef = B5B0B8471B7D614A00A63834 /* Main.storyboard */; };
		B5B0B84B1B7D614A00A63834 /* Assets.xcassets in Resources */ = {isa = PBXBuildFile; fileRef = B5B0B84A1B7D614A00A63834 /* Assets.xcassets */; };
		B5B0B84E1B7D614A00A63834 /* LaunchScreen.storyboard in Resources */ = {isa = PBXBuildFile; fileRef = B5B0B84C1B7D614A00A63834 /* LaunchScreen.storyboard */; };
		B5B0B8591B7D614A00A63834 /* TwipperTests.swift in Sources */ = {isa = PBXBuildFile; fileRef = B5B0B8581B7D614A00A63834 /* TwipperTests.swift */; };
		B5B0B8641B7D614A00A63834 /* TwipperUITests.swift in Sources */ = {isa = PBXBuildFile; fileRef = B5B0B8631B7D614A00A63834 /* TwipperUITests.swift */; };
		B5B0B8721B7D637700A63834 /* TweetCell.swift in Sources */ = {isa = PBXBuildFile; fileRef = B5B0B8711B7D637700A63834 /* TweetCell.swift */; };
		B5B0B8741B7D651000A63834 /* Tweet.swift in Sources */ = {isa = PBXBuildFile; fileRef = B5B0B8731B7D651000A63834 /* Tweet.swift */; };
/* End PBXBuildFile section */

/* Begin PBXContainerItemProxy section */
		B5B0B8551B7D614A00A63834 /* PBXContainerItemProxy */ = {
			isa = PBXContainerItemProxy;
			containerPortal = B5B0B8381B7D614A00A63834 /* Project object */;
			proxyType = 1;
			remoteGlobalIDString = B5B0B83F1B7D614A00A63834;
			remoteInfo = Twipper;
		};
		B5B0B8601B7D614A00A63834 /* PBXContainerItemProxy */ = {
			isa = PBXContainerItemProxy;
			containerPortal = B5B0B8381B7D614A00A63834 /* Project object */;
			proxyType = 1;
			remoteGlobalIDString = B5B0B83F1B7D614A00A63834;
			remoteInfo = Twipper;
		};
/* End PBXContainerItemProxy section */

/* Begin PBXFileReference section */
		B5690B171B82C6CF00F2FD7E /* Launch.storyboard */ = {isa = PBXFileReference; fileEncoding = 4; lastKnownFileType = file.storyboard; path = Launch.storyboard; sourceTree = "<group>"; };
		B5690B191B82C75B00F2FD7E /* launchscreen-portrait2.png */ = {isa = PBXFileReference; lastKnownFileType = image.png; path = "launchscreen-portrait2.png"; sourceTree = "<group>"; };
		B5690B1B1B82C98100F2FD7E /* tracks-1.png */ = {isa = PBXFileReference; lastKnownFileType = image.png; path = "tracks-1.png"; sourceTree = "<group>"; };
		B5690B1D1B82CB5900F2FD7E /* StepsController.swift */ = {isa = PBXFileReference; fileEncoding = 4; lastKnownFileType = sourcecode.swift; path = StepsController.swift; sourceTree = "<group>"; };
		B57225A31B82C44100B17B52 /* shoe-black.png */ = {isa = PBXFileReference; lastKnownFileType = image.png; path = "shoe-black.png"; sourceTree = "<group>"; };
		B57225A41B82C44100B17B52 /* shoe-white.png */ = {isa = PBXFileReference; lastKnownFileType = image.png; path = "shoe-white.png"; sourceTree = "<group>"; };
		B5B0B8401B7D614A00A63834 /* TweetSteps.app */ = {isa = PBXFileReference; explicitFileType = wrapper.application; includeInIndex = 0; path = TweetSteps.app; sourceTree = BUILT_PRODUCTS_DIR; };
		B5B0B8431B7D614A00A63834 /* AppDelegate.swift */ = {isa = PBXFileReference; lastKnownFileType = sourcecode.swift; path = AppDelegate.swift; sourceTree = "<group>"; };
		B5B0B8451B7D614A00A63834 /* ViewController.swift */ = {isa = PBXFileReference; lastKnownFileType = sourcecode.swift; path = ViewController.swift; sourceTree = "<group>"; };
		B5B0B8481B7D614A00A63834 /* Base */ = {isa = PBXFileReference; lastKnownFileType = file.storyboard; name = Base; path = Base.lproj/Main.storyboard; sourceTree = "<group>"; };
		B5B0B84A1B7D614A00A63834 /* Assets.xcassets */ = {isa = PBXFileReference; lastKnownFileType = folder.assetcatalog; path = Assets.xcassets; sourceTree = "<group>"; };
		B5B0B84D1B7D614A00A63834 /* Base */ = {isa = PBXFileReference; lastKnownFileType = file.storyboard; name = Base; path = Base.lproj/LaunchScreen.storyboard; sourceTree = "<group>"; };
		B5B0B84F1B7D614A00A63834 /* Info.plist */ = {isa = PBXFileReference; lastKnownFileType = text.plist.xml; path = Info.plist; sourceTree = "<group>"; };
		B5B0B8541B7D614A00A63834 /* TweetSteps.xctest */ = {isa = PBXFileReference; explicitFileType = wrapper.cfbundle; includeInIndex = 0; path = TweetSteps.xctest; sourceTree = BUILT_PRODUCTS_DIR; };
		B5B0B8581B7D614A00A63834 /* TwipperTests.swift */ = {isa = PBXFileReference; lastKnownFileType = sourcecode.swift; path = TwipperTests.swift; sourceTree = "<group>"; };
		B5B0B85A1B7D614A00A63834 /* Info.plist */ = {isa = PBXFileReference; lastKnownFileType = text.plist.xml; path = Info.plist; sourceTree = "<group>"; };
		B5B0B85F1B7D614A00A63834 /* TweetSteps.xctest */ = {isa = PBXFileReference; explicitFileType = wrapper.cfbundle; includeInIndex = 0; path = TweetSteps.xctest; sourceTree = BUILT_PRODUCTS_DIR; };
		B5B0B8631B7D614A00A63834 /* TwipperUITests.swift */ = {isa = PBXFileReference; lastKnownFileType = sourcecode.swift; path = TwipperUITests.swift; sourceTree = "<group>"; };
		B5B0B8651B7D614A00A63834 /* Info.plist */ = {isa = PBXFileReference; lastKnownFileType = text.plist.xml; path = Info.plist; sourceTree = "<group>"; };
		B5B0B8711B7D637700A63834 /* TweetCell.swift */ = {isa = PBXFileReference; fileEncoding = 4; lastKnownFileType = sourcecode.swift; path = TweetCell.swift; sourceTree = "<group>"; };
		B5B0B8731B7D651000A63834 /* Tweet.swift */ = {isa = PBXFileReference; fileEncoding = 4; lastKnownFileType = sourcecode.swift; path = Tweet.swift; sourceTree = "<group>"; };
/* End PBXFileReference section */

/* Begin PBXFrameworksBuildPhase section */
		B5B0B83D1B7D614A00A63834 /* Frameworks */ = {
			isa = PBXFrameworksBuildPhase;
			buildActionMask = 2147483647;
			files = (
			);
			runOnlyForDeploymentPostprocessing = 0;
		};
		B5B0B8511B7D614A00A63834 /* Frameworks */ = {
			isa = PBXFrameworksBuildPhase;
			buildActionMask = 2147483647;
			files = (
			);
			runOnlyForDeploymentPostprocessing = 0;
		};
		B5B0B85C1B7D614A00A63834 /* Frameworks */ = {
			isa = PBXFrameworksBuildPhase;
			buildActionMask = 2147483647;
			files = (
			);
			runOnlyForDeploymentPostprocessing = 0;
		};
/* End PBXFrameworksBuildPhase section */

/* Begin PBXGroup section */
		B57225A21B82C43200B17B52 /* Assets */ = {
			isa = PBXGroup;
			children = (
				B5690B1B1B82C98100F2FD7E /* tracks-1.png */,
				B5690B191B82C75B00F2FD7E /* launchscreen-portrait2.png */,
				B57225A31B82C44100B17B52 /* shoe-black.png */,
				B57225A41B82C44100B17B52 /* shoe-white.png */,
			);
			name = Assets;
			sourceTree = "<group>";
		};
		B5B0B8371B7D614A00A63834 = {
			isa = PBXGroup;
			children = (
				B5B0B8421B7D614A00A63834 /* TweetSteps */,
				B5B0B8571B7D614A00A63834 /* TwipperTests */,
				B5B0B8621B7D614A00A63834 /* TwipperUITests */,
				B5B0B8411B7D614A00A63834 /* Products */,
			);
			sourceTree = "<group>";
		};
		B5B0B8411B7D614A00A63834 /* Products */ = {
			isa = PBXGroup;
			children = (
				B5B0B8401B7D614A00A63834 /* TweetSteps.app */,
				B5B0B8541B7D614A00A63834 /* TweetSteps.xctest */,
				B5B0B85F1B7D614A00A63834 /* TweetSteps.xctest */,
			);
			name = Products;
			sourceTree = "<group>";
		};
		B5B0B8421B7D614A00A63834 /* TweetSteps */ = {
			isa = PBXGroup;
			children = (
				B57225A21B82C43200B17B52 /* Assets */,
				B5B0B8431B7D614A00A63834 /* AppDelegate.swift */,
				B5B0B8471B7D614A00A63834 /* Main.storyboard */,
				B5B0B84A1B7D614A00A63834 /* Assets.xcassets */,
				B5B0B84C1B7D614A00A63834 /* LaunchScreen.storyboard */,
				B5B0B84F1B7D614A00A63834 /* Info.plist */,
				B5B0B8711B7D637700A63834 /* TweetCell.swift */,
				B5B0B8731B7D651000A63834 /* Tweet.swift */,
				B5B0B8451B7D614A00A63834 /* ViewController.swift */,
				B5690B171B82C6CF00F2FD7E /* Launch.storyboard */,
				B5690B1D1B82CB5900F2FD7E /* StepsController.swift */,
			);
			name = TweetSteps;
			path = Twipper;
			sourceTree = "<group>";
		};
		B5B0B8571B7D614A00A63834 /* TwipperTests */ = {
			isa = PBXGroup;
			children = (
				B5B0B8581B7D614A00A63834 /* TwipperTests.swift */,
				B5B0B85A1B7D614A00A63834 /* Info.plist */,
			);
			path = TwipperTests;
			sourceTree = "<group>";
		};
		B5B0B8621B7D614A00A63834 /* TwipperUITests */ = {
			isa = PBXGroup;
			children = (
				B5B0B8631B7D614A00A63834 /* TwipperUITests.swift */,
				B5B0B8651B7D614A00A63834 /* Info.plist */,
			);
			path = TwipperUITests;
			sourceTree = "<group>";
		};
/* End PBXGroup section */

/* Begin PBXNativeTarget section */
		B5B0B83F1B7D614A00A63834 /* TweetSteps */ = {
			isa = PBXNativeTarget;
			buildConfigurationList = B5B0B8681B7D614A00A63834 /* Build configuration list for PBXNativeTarget "TweetSteps" */;
			buildPhases = (
				B5B0B83C1B7D614A00A63834 /* Sources */,
				B5B0B83D1B7D614A00A63834 /* Frameworks */,
				B5B0B83E1B7D614A00A63834 /* Resources */,
			);
			buildRules = (
			);
			dependencies = (
			);
			name = TweetSteps;
			productName = Twipper;
			productReference = B5B0B8401B7D614A00A63834 /* TweetSteps.app */;
			productType = "com.apple.product-type.application";
		};
		B5B0B8531B7D614A00A63834 /* TweetStepsTests */ = {
			isa = PBXNativeTarget;
			buildConfigurationList = B5B0B86B1B7D614A00A63834 /* Build configuration list for PBXNativeTarget "TweetStepsTests" */;
			buildPhases = (
				B5B0B8501B7D614A00A63834 /* Sources */,
				B5B0B8511B7D614A00A63834 /* Frameworks */,
				B5B0B8521B7D614A00A63834 /* Resources */,
			);
			buildRules = (
			);
			dependencies = (
				B5B0B8561B7D614A00A63834 /* PBXTargetDependency */,
			);
			name = TweetStepsTests;
			productName = TwipperTests;
			productReference = B5B0B8541B7D614A00A63834 /* TweetSteps.xctest */;
			productType = "com.apple.product-type.bundle.unit-test";
		};
		B5B0B85E1B7D614A00A63834 /* TweetStepsUITests */ = {
			isa = PBXNativeTarget;
			buildConfigurationList = B5B0B86E1B7D614A00A63834 /* Build configuration list for PBXNativeTarget "TweetStepsUITests" */;
			buildPhases = (
				B5B0B85B1B7D614A00A63834 /* Sources */,
				B5B0B85C1B7D614A00A63834 /* Frameworks */,
				B5B0B85D1B7D614A00A63834 /* Resources */,
			);
			buildRules = (
			);
			dependencies = (
				B5B0B8611B7D614A00A63834 /* PBXTargetDependency */,
			);
			name = TweetStepsUITests;
			productName = TwipperUITests;
			productReference = B5B0B85F1B7D614A00A63834 /* TweetSteps.xctest */;
			productType = "com.apple.product-type.bundle.ui-testing";
		};
/* End PBXNativeTarget section */

/* Begin PBXProject section */
		B5B0B8381B7D614A00A63834 /* Project object */ = {
			isa = PBXProject;
			attributes = {
				LastUpgradeCheck = 0700;
				ORGANIZATIONNAME = "Wei Chung Chuo";
				TargetAttributes = {
					B5B0B83F1B7D614A00A63834 = {
						CreatedOnToolsVersion = 7.0;
					};
					B5B0B8531B7D614A00A63834 = {
						CreatedOnToolsVersion = 7.0;
						TestTargetID = B5B0B83F1B7D614A00A63834;
					};
					B5B0B85E1B7D614A00A63834 = {
						CreatedOnToolsVersion = 7.0;
						TestTargetID = B5B0B83F1B7D614A00A63834;
					};
				};
			};
			buildConfigurationList = B5B0B83B1B7D614A00A63834 /* Build configuration list for PBXProject "TweetSteps" */;
			compatibilityVersion = "Xcode 3.2";
			developmentRegion = English;
			hasScannedForEncodings = 0;
			knownRegions = (
				en,
				Base,
			);
			mainGroup = B5B0B8371B7D614A00A63834;
			productRefGroup = B5B0B8411B7D614A00A63834 /* Products */;
			projectDirPath = "";
			projectRoot = "";
			targets = (
				B5B0B83F1B7D614A00A63834 /* TweetSteps */,
				B5B0B8531B7D614A00A63834 /* TweetStepsTests */,
				B5B0B85E1B7D614A00A63834 /* TweetStepsUITests */,
			);
		};
/* End PBXProject section */

/* Begin PBXResourcesBuildPhase section */
		B5B0B83E1B7D614A00A63834 /* Resources */ = {
			isa = PBXResourcesBuildPhase;
			buildActionMask = 2147483647;
			files = (
				B5B0B84E1B7D614A00A63834 /* LaunchScreen.storyboard in Resources */,
				B57225A61B82C44100B17B52 /* shoe-white.png in Resources */,
				B5690B1A1B82C75B00F2FD7E /* launchscreen-portrait2.png in Resources */,
				B5B0B84B1B7D614A00A63834 /* Assets.xcassets in Resources */,
				B5690B181B82C6CF00F2FD7E /* Launch.storyboard in Resources */,
				B5690B1C1B82C98100F2FD7E /* tracks-1.png in Resources */,
				B57225A51B82C44100B17B52 /* shoe-black.png in Resources */,
				B5B0B8491B7D614A00A63834 /* Main.storyboard in Resources */,
			);
			runOnlyForDeploymentPostprocessing = 0;
		};
		B5B0B8521B7D614A00A63834 /* Resources */ = {
			isa = PBXResourcesBuildPhase;
			buildActionMask = 2147483647;
			files = (
			);
			runOnlyForDeploymentPostprocessing = 0;
		};
		B5B0B85D1B7D614A00A63834 /* Resources */ = {
			isa = PBXResourcesBuildPhase;
			buildActionMask = 2147483647;
			files = (
			);
			runOnlyForDeploymentPostprocessing = 0;
		};
/* End PBXResourcesBuildPhase section */

/* Begin PBXSourcesBuildPhase section */
		B5B0B83C1B7D614A00A63834 /* Sources */ = {
			isa = PBXSourcesBuildPhase;
			buildActionMask = 2147483647;
			files = (
				B5B0B8721B7D637700A63834 /* TweetCell.swift in Sources */,
				B5690B1E1B82CB5900F2FD7E /* StepsController.swift in Sources */,
				B5B0B8461B7D614A00A63834 /* ViewController.swift in Sources */,
				B5B0B8441B7D614A00A63834 /* AppDelegate.swift in Sources */,
				B5B0B8741B7D651000A63834 /* Tweet.swift in Sources */,
			);
			runOnlyForDeploymentPostprocessing = 0;
		};
		B5B0B8501B7D614A00A63834 /* Sources */ = {
			isa = PBXSourcesBuildPhase;
			buildActionMask = 2147483647;
			files = (
				B5B0B8591B7D614A00A63834 /* TwipperTests.swift in Sources */,
			);
			runOnlyForDeploymentPostprocessing = 0;
		};
		B5B0B85B1B7D614A00A63834 /* Sources */ = {
			isa = PBXSourcesBuildPhase;
			buildActionMask = 2147483647;
			files = (
				B5B0B8641B7D614A00A63834 /* TwipperUITests.swift in Sources */,
			);
			runOnlyForDeploymentPostprocessing = 0;
		};
/* End PBXSourcesBuildPhase section */

/* Begin PBXTargetDependency section */
		B5B0B8561B7D614A00A63834 /* PBXTargetDependency */ = {
			isa = PBXTargetDependency;
			target = B5B0B83F1B7D614A00A63834 /* TweetSteps */;
			targetProxy = B5B0B8551B7D614A00A63834 /* PBXContainerItemProxy */;
		};
		B5B0B8611B7D614A00A63834 /* PBXTargetDependency */ = {
			isa = PBXTargetDependency;
			target = B5B0B83F1B7D614A00A63834 /* TweetSteps */;
			targetProxy = B5B0B8601B7D614A00A63834 /* PBXContainerItemProxy */;
		};
/* End PBXTargetDependency section */

/* Begin PBXVariantGroup section */
		B5B0B8471B7D614A00A63834 /* Main.storyboard */ = {
			isa = PBXVariantGroup;
			children = (
				B5B0B8481B7D614A00A63834 /* Base */,
			);
			name = Main.storyboard;
			sourceTree = "<group>";
		};
		B5B0B84C1B7D614A00A63834 /* LaunchScreen.storyboard */ = {
			isa = PBXVariantGroup;
			children = (
				B5B0B84D1B7D614A00A63834 /* Base */,
			);
			name = LaunchScreen.storyboard;
			sourceTree = "<group>";
		};
/* End PBXVariantGroup section */

/* Begin XCBuildConfiguration section */
		B5B0B8661B7D614A00A63834 /* Debug */ = {
			isa = XCBuildConfiguration;
			buildSettings = {
				ALWAYS_SEARCH_USER_PATHS = NO;
				CLANG_CXX_LANGUAGE_STANDARD = "gnu++0x";
				CLANG_CXX_LIBRARY = "libc++";
				CLANG_ENABLE_MODULES = YES;
				CLANG_ENABLE_OBJC_ARC = YES;
				CLANG_WARN_BOOL_CONVERSION = YES;
				CLANG_WARN_CONSTANT_CONVERSION = YES;
				CLANG_WARN_DIRECT_OBJC_ISA_USAGE = YES_ERROR;
				CLANG_WARN_EMPTY_BODY = YES;
				CLANG_WARN_ENUM_CONVERSION = YES;
				CLANG_WARN_INT_CONVERSION = YES;
				CLANG_WARN_OBJC_ROOT_CLASS = YES_ERROR;
				CLANG_WARN_UNREACHABLE_CODE = YES;
				CLANG_WARN__DUPLICATE_METHOD_MATCH = YES;
				"CODE_SIGN_IDENTITY[sdk=iphoneos*]" = "iPhone Developer";
				COPY_PHASE_STRIP = NO;
				DEBUG_INFORMATION_FORMAT = dwarf;
				ENABLE_STRICT_OBJC_MSGSEND = YES;
				ENABLE_TESTABILITY = YES;
				GCC_C_LANGUAGE_STANDARD = gnu99;
				GCC_DYNAMIC_NO_PIC = NO;
				GCC_NO_COMMON_BLOCKS = YES;
				GCC_OPTIMIZATION_LEVEL = 0;
				GCC_PREPROCESSOR_DEFINITIONS = (
					"DEBUG=1",
					"$(inherited)",
				);
				GCC_WARN_64_TO_32_BIT_CONVERSION = YES;
				GCC_WARN_ABOUT_RETURN_TYPE = YES_ERROR;
				GCC_WARN_UNDECLARED_SELECTOR = YES;
				GCC_WARN_UNINITIALIZED_AUTOS = YES_AGGRESSIVE;
				GCC_WARN_UNUSED_FUNCTION = YES;
				GCC_WARN_UNUSED_VARIABLE = YES;
				IPHONEOS_DEPLOYMENT_TARGET = 9.0;
				MTL_ENABLE_DEBUG_INFO = YES;
				ONLY_ACTIVE_ARCH = YES;
				SDKROOT = iphoneos;
				SWIFT_OPTIMIZATION_LEVEL = "-Onone";
				TARGETED_DEVICE_FAMILY = "1,2";
			};
			name = Debug;
		};
		B5B0B8671B7D614A00A63834 /* Release */ = {
			isa = XCBuildConfiguration;
			buildSettings = {
				ALWAYS_SEARCH_USER_PATHS = NO;
				CLANG_CXX_LANGUAGE_STANDARD = "gnu++0x";
				CLANG_CXX_LIBRARY = "libc++";
				CLANG_ENABLE_MODULES = YES;
				CLANG_ENABLE_OBJC_ARC = YES;
				CLANG_WARN_BOOL_CONVERSION = YES;
				CLANG_WARN_CONSTANT_CONVERSION = YES;
				CLANG_WARN_DIRECT_OBJC_ISA_USAGE = YES_ERROR;
				CLANG_WARN_EMPTY_BODY = YES;
				CLANG_WARN_ENUM_CONVERSION = YES;
				CLANG_WARN_INT_CONVERSION = YES;
				CLANG_WARN_OBJC_ROOT_CLASS = YES_ERROR;
				CLANG_WARN_UNREACHABLE_CODE = YES;
				CLANG_WARN__DUPLICATE_METHOD_MATCH = YES;
				"CODE_SIGN_IDENTITY[sdk=iphoneos*]" = "iPhone Developer";
				COPY_PHASE_STRIP = NO;
				DEBUG_INFORMATION_FORMAT = "dwarf-with-dsym";
				ENABLE_NS_ASSERTIONS = NO;
				ENABLE_STRICT_OBJC_MSGSEND = YES;
				GCC_C_LANGUAGE_STANDARD = gnu99;
				GCC_NO_COMMON_BLOCKS = YES;
				GCC_WARN_64_TO_32_BIT_CONVERSION = YES;
				GCC_WARN_ABOUT_RETURN_TYPE = YES_ERROR;
				GCC_WARN_UNDECLARED_SELECTOR = YES;
				GCC_WARN_UNINITIALIZED_AUTOS = YES_AGGRESSIVE;
				GCC_WARN_UNUSED_FUNCTION = YES;
				GCC_WARN_UNUSED_VARIABLE = YES;
				IPHONEOS_DEPLOYMENT_TARGET = 9.0;
				MTL_ENABLE_DEBUG_INFO = NO;
				SDKROOT = iphoneos;
				TARGETED_DEVICE_FAMILY = "1,2";
				VALIDATE_PRODUCT = YES;
			};
			name = Release;
		};
		B5B0B8691B7D614A00A63834 /* Debug */ = {
			isa = XCBuildConfiguration;
			buildSettings = {
				ASSETCATALOG_COMPILER_APPICON_NAME = AppIcon;
				INFOPLIST_FILE = Twipper/Info.plist;
				LD_RUNPATH_SEARCH_PATHS = "$(inherited) @executable_path/Frameworks";
				PRODUCT_BUNDLE_IDENTIFIER = wcc.TweetSteps;
				PRODUCT_NAME = TweetSteps;
			};
			name = Debug;
		};
		B5B0B86A1B7D614A00A63834 /* Release */ = {
			isa = XCBuildConfiguration;
			buildSettings = {
				ASSETCATALOG_COMPILER_APPICON_NAME = AppIcon;
				INFOPLIST_FILE = Twipper/Info.plist;
				LD_RUNPATH_SEARCH_PATHS = "$(inherited) @executable_path/Frameworks";
				PRODUCT_BUNDLE_IDENTIFIER = wcc.TweetSteps;
				PRODUCT_NAME = TweetSteps;
			};
			name = Release;
		};
		B5B0B86C1B7D614A00A63834 /* Debug */ = {
			isa = XCBuildConfiguration;
			buildSettings = {
				BUNDLE_LOADER = "$(TEST_HOST)";
				INFOPLIST_FILE = TwipperTests/Info.plist;
				LD_RUNPATH_SEARCH_PATHS = "$(inherited) @executable_path/Frameworks @loader_path/Frameworks";
				PRODUCT_BUNDLE_IDENTIFIER = wcc.TwipperTests;
				PRODUCT_NAME = TweetSteps;
				TEST_HOST = "$(BUILT_PRODUCTS_DIR)/TweetSteps.app/TweetSteps";
			};
			name = Debug;
		};
		B5B0B86D1B7D614A00A63834 /* Release */ = {
			isa = XCBuildConfiguration;
			buildSettings = {
				BUNDLE_LOADER = "$(TEST_HOST)";
				INFOPLIST_FILE = TwipperTests/Info.plist;
				LD_RUNPATH_SEARCH_PATHS = "$(inherited) @executable_path/Frameworks @loader_path/Frameworks";
				PRODUCT_BUNDLE_IDENTIFIER = wcc.TwipperTests;
				PRODUCT_NAME = TweetSteps;
				TEST_HOST = "$(BUILT_PRODUCTS_DIR)/TweetSteps.app/TweetSteps";
			};
			name = Release;
		};
		B5B0B86F1B7D614A00A63834 /* Debug */ = {
			isa = XCBuildConfiguration;
			buildSettings = {
				INFOPLIST_FILE = TwipperUITests/Info.plist;
				LD_RUNPATH_SEARCH_PATHS = "$(inherited) @executable_path/Frameworks @loader_path/Frameworks";
				PRODUCT_BUNDLE_IDENTIFIER = wcc.TwipperUITests;
				PRODUCT_NAME = TweetSteps;
				TEST_TARGET_NAME = Twipper;
				USES_XCTRUNNER = YES;
			};
			name = Debug;
		};
		B5B0B8701B7D614A00A63834 /* Release */ = {
			isa = XCBuildConfiguration;
			buildSettings = {
				INFOPLIST_FILE = TwipperUITests/Info.plist;
				LD_RUNPATH_SEARCH_PATHS = "$(inherited) @executable_path/Frameworks @loader_path/Frameworks";
				PRODUCT_BUNDLE_IDENTIFIER = wcc.TwipperUITests;
				PRODUCT_NAME = TweetSteps;
				TEST_TARGET_NAME = Twipper;
				USES_XCTRUNNER = YES;
			};
			name = Release;
		};
/* End XCBuildConfiguration section */

/* Begin XCConfigurationList section */
		B5B0B83B1B7D614A00A63834 /* Build configuration list for PBXProject "TweetSteps" */ = {
			isa = XCConfigurationList;
			buildConfigurations = (
				B5B0B8661B7D614A00A63834 /* Debug */,
				B5B0B8671B7D614A00A63834 /* Release */,
			);
			defaultConfigurationIsVisible = 0;
			defaultConfigurationName = Release;
		};
		B5B0B8681B7D614A00A63834 /* Build configuration list for PBXNativeTarget "TweetSteps" */ = {
			isa = XCConfigurationList;
			buildConfigurations = (
				B5B0B8691B7D614A00A63834 /* Debug */,
				B5B0B86A1B7D614A00A63834 /* Release */,
			);
			defaultConfigurationIsVisible = 0;
			defaultConfigurationName = Release;
		};
		B5B0B86B1B7D614A00A63834 /* Build configuration list for PBXNativeTarget "TweetStepsTests" */ = {
			isa = XCConfigurationList;
			buildConfigurations = (
				B5B0B86C1B7D614A00A63834 /* Debug */,
				B5B0B86D1B7D614A00A63834 /* Release */,
			);
			defaultConfigurationIsVisible = 0;
			defaultConfigurationName = Release;
		};
		B5B0B86E1B7D614A00A63834 /* Build configuration list for PBXNativeTarget "TweetStepsUITests" */ = {
			isa = XCConfigurationList;
			buildConfigurations = (
				B5B0B86F1B7D614A00A63834 /* Debug */,
				B5B0B8701B7D614A00A63834 /* Release */,
			);
			defaultConfigurationIsVisible = 0;
			defaultConfigurationName = Release;
		};
/* End XCConfigurationList section */
	};
	rootObject = B5B0B8381B7D614A00A63834 /* Project object */;
}
